
Microsoft Visual Studio Solution File, Format Version 12.00
# Visual Studio Version 16
VisualStudioVersion = 16.0.31005.135
MinimumVisualStudioVersion = 10.0.40219.1
Project("{FAE04EC0-301F-11D3-BF4B-00C04F79EFBC}") = "PoorLamport", "PoorLamport\PoorLamport.csproj", "{83093353-06C8-4A98-83B7-E530473708CD}"
EndProject
Global
	GlobalSection(SolutionConfigurationPlatforms) = preSolution
		Debug|Any CPU = Debug|Any CPU
		Release|Any CPU = Release|Any CPU
	EndGlobalSection
	GlobalSection(ProjectConfigurationPlatforms) = postSolution
		{83093353-06C8-4A98-83B7-E530473708CD}.Debug|Any CPU.ActiveCfg = Debug|Any CPU
		{83093353-06C8-4A98-83B7-E530473708CD}.Debug|Any CPU.Build.0 = Debug|Any CPU
		{83093353-06C8-4A98-83B7-E530473708CD}.Release|Any CPU.ActiveCfg = Release|Any CPU
		{83093353-06C8-4A98-83B7-E530473708CD}.Release|Any CPU.Build.0 = Release|Any CPU
	EndGlobalSection
	GlobalSection(SolutionProperties) = preSolution
		HideSolutionNode = FALSE
	EndGlobalSection
	GlobalSection(ExtensibilityGlobals) = postSolution
		SolutionGuid = {9CFCB722-9557-489C-9792-C1370D6E8784}
	EndGlobalSection
EndGlobal
